PODS:
  - TesseractOCRiOS (5.0.1)

DEPENDENCIES:
  - TesseractOCRiOS (~> 5.0.1)

SPEC REPOS:
  https://github.com/cocoapods/specs.git:
    - TesseractOCRiOS

SPEC CHECKSUMS:
  TesseractOCRiOS: 2c189465f86abb030d0c5141c90da9705b647854

PODFILE CHECKSUM: 892dfe633d8475a76897c6b4778a671d602b574c

COCOAPODS: 1.5.3
