// !$*UTF8*$!
{
	archiveVersion = 1;
	classes = {
	};
	objectVersion = 50;
	objects = {

/* Begin PBXBuildFile section */
		8759C2827350180CB2F22A5E /* Pods_MobileOCRDemo.framework in Frameworks */ = {isa = PBXBuildFile; fileRef = 120357D4E16FC3AD437F2372 /* Pods_MobileOCRDemo.framework */; };
		8F744F692247B7CE00252E99 /* AppDelegate.swift in Sources */ = {isa = PBXBuildFile; fileRef = 8F744F682247B7CE00252E99 /* AppDelegate.swift */; };
		8F744F6B2247B7CE00252E99 /* ViewController.swift in Sources */ = {isa = PBXBuildFile; fileRef = 8F744F6A2247B7CE00252E99 /* ViewController.swift */; };
		8F744F6E2247B7CE00252E99 /* Main.storyboard in Resources */ = {isa = PBXBuildFile; fileRef = 8F744F6C2247B7CE00252E99 /* Main.storyboard */; };
		8F744F702247B7D000252E99 /* Assets.xcassets in Resources */ = {isa = PBXBuildFile; fileRef = 8F744F6F2247B7D000252E99 /* Assets.xcassets */; };
		8F744F732247B7D000252E99 /* LaunchScreen.storyboard in Resources */ = {isa = PBXBuildFile; fileRef = 8F744F712247B7D000252E99 /* LaunchScreen.storyboard */; };
		8F744F7B2247BAD100252E99 /* tessdata in Resources */ = {isa = PBXBuildFile; fileRef = 8F744F7A2247BAD100252E99 /* tessdata */; };
/* End PBXBuildFile section */

/* Begin PBXFileReference section */
		120357D4E16FC3AD437F2372 /* Pods_MobileOCRDemo.framework */ = {isa = PBXFileReference; explicitFileType = wrapper.framework; includeInIndex = 0; path = Pods_MobileOCRDemo.framework; sourceTree = BUILT_PRODUCTS_DIR; };
		8F744F652247B7CE00252E99 /* MobileOCRDemo.app */ = {isa = PBXFileReference; explicitFileType = wrapper.application; includeInIndex = 0; path = MobileOCRDemo.app; sourceTree = BUILT_PRODUCTS_DIR; };
		8F744F682247B7CE00252E99 /* AppDelegate.swift */ = {isa = PBXFileReference; lastKnownFileType = sourcecode.swift; path = AppDelegate.swift; sourceTree = "<group>"; };
		8F744F6A2247B7CE00252E99 /* ViewController.swift */ = {isa = PBXFileReference; lastKnownFileType = sourcecode.swift; path = ViewController.swift; sourceTree = "<group>"; };
		8F744F6D2247B7CE00252E99 /* Base */ = {isa = PBXFileReference; lastKnownFileType = file.storyboard; name = Base; path = Base.lproj/Main.storyboard; sourceTree = "<group>"; };
		8F744F6F2247B7D000252E99 /* Assets.xcassets */ = {isa = PBXFileReference; lastKnownFileType = folder.assetcatalog; path = Assets.xcassets; sourceTree = "<group>"; };
		8F744F722247B7D000252E99 /* Base */ = {isa = PBXFileReference; lastKnownFileType = file.storyboard; name = Base; path = Base.lproj/LaunchScreen.storyboard; sourceTree = "<group>"; };
		8F744F742247B7D000252E99 /* Info.plist */ = {isa = PBXFileReference; lastKnownFileType = text.plist.xml; path = Info.plist; sourceTree = "<group>"; };
		8F744F7A2247BAD100252E99 /* tessdata */ = {isa = PBXFileReference; lastKnownFileType = folder; path = tessdata; sourceTree = "<group>"; };
		8FE44CF1C8E33F188B234D98 /* Pods-MobileOCRDemo.debug.xcconfig */ = {isa = PBXFileReference; includeInIndex = 1; lastKnownFileType = text.xcconfig; name = "Pods-MobileOCRDemo.debug.xcconfig"; path = "Pods/Target Support Files/Pods-MobileOCRDemo/Pods-MobileOCRDemo.debug.xcconfig"; sourceTree = "<group>"; };
		E3BA0C6878700E0A5FC073BA /* Pods-MobileOCRDemo.release.xcconfig */ = {isa = PBXFileReference; includeInIndex = 1; lastKnownFileType = text.xcconfig; name = "Pods-MobileOCRDemo.release.xcconfig"; path = "Pods/Target Support Files/Pods-MobileOCRDemo/Pods-MobileOCRDemo.release.xcconfig"; sourceTree = "<group>"; };
/* End PBXFileReference section */

/* Begin PBXFrameworksBuildPhase section */
		8F744F622247B7CE00252E99 /* Frameworks */ = {
			isa = PBXFrameworksBuildPhase;
			buildActionMask = 2147483647;
			files = (
				8759C2827350180CB2F22A5E /* Pods_MobileOCRDemo.framework in Frameworks */,
			);
			runOnlyForDeploymentPostprocessing = 0;
		};
/* End PBXFrameworksBuildPhase section */

/* Begin PBXGroup section */
		6EB7B7102A823C97FEA5580C /* Pods */ = {
			isa = PBXGroup;
			children = (
				8FE44CF1C8E33F188B234D98 /* Pods-MobileOCRDemo.debug.xcconfig */,
				E3BA0C6878700E0A5FC073BA /* Pods-MobileOCRDemo.release.xcconfig */,
			);
			name = Pods;
			sourceTree = "<group>";
		};
		772E7F0084FF638B6856ABB8 /* Frameworks */ = {
			isa = PBXGroup;
			children = (
				120357D4E16FC3AD437F2372 /* Pods_MobileOCRDemo.framework */,
			);
			name = Frameworks;
			sourceTree = "<group>";
		};
		8F744F5C2247B7CE00252E99 = {
			isa = PBXGroup;
			children = (
				8F744F672247B7CE00252E99 /* MobileOCRDemo */,
				8F744F662247B7CE00252E99 /* Products */,
				6EB7B7102A823C97FEA5580C /* Pods */,
				772E7F0084FF638B6856ABB8 /* Frameworks */,
			);
			sourceTree = "<group>";
		};
		8F744F662247B7CE00252E99 /* Products */ = {
			isa = PBXGroup;
			children = (
				8F744F652247B7CE00252E99 /* MobileOCRDemo.app */,
			);
			name = Products;
			sourceTree = "<group>";
		};
		8F744F672247B7CE00252E99 /* MobileOCRDemo */ = {
			isa = PBXGroup;
			children = (
				8F744F7A2247BAD100252E99 /* tessdata */,
				8F744F682247B7CE00252E99 /* AppDelegate.swift */,
				8F744F6A2247B7CE00252E99 /* ViewController.swift */,
				8F744F6C2247B7CE00252E99 /* Main.storyboard */,
				8F744F6F2247B7D000252E99 /* Assets.xcassets */,
				8F744F712247B7D000252E99 /* LaunchScreen.storyboard */,
				8F744F742247B7D000252E99 /* Info.plist */,
			);
			path = MobileOCRDemo;
			sourceTree = "<group>";
		};
/* End PBXGroup section */

/* Begin PBXNativeTarget section */
		8F744F642247B7CE00252E99 /* MobileOCRDemo */ = {
			isa = PBXNativeTarget;
			buildConfigurationList = 8F744F772247B7D000252E99 /* Build configuration list for PBXNativeTarget "MobileOCRDemo" */;
			buildPhases = (
				F443CC6D5FFB95702FE34C96 /* [CP] Check Pods Manifest.lock */,
				8F744F612247B7CE00252E99 /* Sources */,
				8F744F622247B7CE00252E99 /* Frameworks */,
				8F744F632247B7CE00252E99 /* Resources */,
				7570874D58E12F9AFB05A542 /* [CP] Embed Pods Frameworks */,
			);
			buildRules = (
			);
			dependencies = (
			);
			name = MobileOCRDemo;
			productName = MobileOCRDemo;
			productReference = 8F744F652247B7CE00252E99 /* MobileOCRDemo.app */;
			productType = "com.apple.product-type.application";
		};
/* End PBXNativeTarget section */

/* Begin PBXProject section */
		8F744F5D2247B7CE00252E99 /* Project object */ = {
			isa = PBXProject;
			attributes = {
				LastSwiftUpdateCheck = 1010;
				LastUpgradeCheck = 1010;
				ORGANIZATIONNAME = Javen;
				TargetAttributes = {
					8F744F642247B7CE00252E99 = {
						CreatedOnToolsVersion = 10.1;
					};
				};
			};
			buildConfigurationList = 8F744F602247B7CE00252E99 /* Build configuration list for PBXProject "MobileOCRDemo" */;
			compatibilityVersion = "Xcode 9.3";
			developmentRegion = en;
			hasScannedForEncodings = 0;
			knownRegions = (
				en,
				Base,
			);
			mainGroup = 8F744F5C2247B7CE00252E99;
			productRefGroup = 8F744F662247B7CE00252E99 /* Products */;
			projectDirPath = "";
			projectRoot = "";
			targets = (
				8F744F642247B7CE00252E99 /* MobileOCRDemo */,
			);
		};
/* End PBXProject section */

/* Begin PBXResourcesBuildPhase section */
		8F744F632247B7CE00252E99 /* Resources */ = {
			isa = PBXResourcesBuildPhase;
			buildActionMask = 2147483647;
			files = (
				8F744F732247B7D000252E99 /* LaunchScreen.storyboard in Resources */,
				8F744F7B2247BAD100252E99 /* tessdata in Resources */,
				8F744F702247B7D000252E99 /* Assets.xcassets in Resources */,
				8F744F6E2247B7CE00252E99 /* Main.storyboard in Resources */,
			);
			runOnlyForDeploymentPostprocessing = 0;
		};
/* End PBXResourcesBuildPhase section */

/* Begin PBXShellScriptBuildPhase section */
		7570874D58E12F9AFB05A542 /* [CP] Embed Pods Frameworks */ = {
			isa = PBXShellScriptBuildPhase;
			buildActionMask = 2147483647;
			files = (
			);
			inputFileListPaths = (
			);
			inputPaths = (
				"${SRCROOT}/Pods/Target Support Files/Pods-MobileOCRDemo/Pods-MobileOCRDemo-frameworks.sh",
				"${BUILT_PRODUCTS_DIR}/TesseractOCRiOS/TesseractOCR.framework",
			);
			name = "[CP] Embed Pods Frameworks";
			outputFileListPaths = (
			);
			outputPaths = (
				"${TARGET_BUILD_DIR}/${FRAMEWORKS_FOLDER_PATH}/TesseractOCR.framework",
			);
			runOnlyForDeploymentPostprocessing = 0;
			shellPath = /bin/sh;
			shellScript = "\"${SRCROOT}/Pods/Target Support Files/Pods-MobileOCRDemo/Pods-MobileOCRDemo-frameworks.sh\"\n";
			showEnvVarsInLog = 0;
		};
		F443CC6D5FFB95702FE34C96 /* [CP] Check Pods Manifest.lock */ = {
			isa = PBXShellScriptBuildPhase;
			buildActionMask = 2147483647;
			files = (
			);
			inputFileListPaths = (
			);
			inputPaths = (
				"${PODS_PODFILE_DIR_PATH}/Podfile.lock",
				"${PODS_ROOT}/Manifest.lock",
			);
			name = "[CP] Check Pods Manifest.lock";
			outputFileListPaths = (
			);
			outputPaths = (
				"$(DERIVED_FILE_DIR)/Pods-MobileOCRDemo-checkManifestLockResult.txt",
			);
			runOnlyForDeploymentPostprocessing = 0;
			shellPath = /bin/sh;
			shellScript = "diff \"${PODS_PODFILE_DIR_PATH}/Podfile.lock\" \"${PODS_ROOT}/Manifest.lock\" > /dev/null\nif [ $? != 0 ] ; then\n    # print error to STDERR\n    echo \"error: The sandbox is not in sync with the Podfile.lock. Run 'pod install' or update your CocoaPods installation.\" >&2\n    exit 1\nfi\n# This output is used by Xcode 'outputs' to avoid re-running this script phase.\necho \"SUCCESS\" > \"${SCRIPT_OUTPUT_FILE_0}\"\n";
			showEnvVarsInLog = 0;
		};
/* End PBXShellScriptBuildPhase section */

/* Begin PBXSourcesBuildPhase section */
		8F744F612247B7CE00252E99 /* Sources */ = {
			isa = PBXSourcesBuildPhase;
			buildActionMask = 2147483647;
			files = (
				8F744F6B2247B7CE00252E99 /* ViewController.swift in Sources */,
				8F744F692247B7CE00252E99 /* AppDelegate.swift in Sources */,
			);
			runOnlyForDeploymentPostprocessing = 0;
		};
/* End PBXSourcesBuildPhase section */

/* Begin PBXVariantGroup section */
		8F744F6C2247B7CE00252E99 /* Main.storyboard */ = {
			isa = PBXVariantGroup;
			children = (
				8F744F6D2247B7CE00252E99 /* Base */,
			);
			name = Main.storyboard;
			sourceTree = "<group>";
		};
		8F744F712247B7D000252E99 /* LaunchScreen.storyboard */ = {
			isa = PBXVariantGroup;
			children = (
				8F744F722247B7D000252E99 /* Base */,
			);
			name = LaunchScreen.storyboard;
			sourceTree = "<group>";
		};
/* End PBXVariantGroup section */

/* Begin XCBuildConfiguration section */
		8F744F752247B7D000252E99 /* Debug */ = {
			isa = XCBuildConfiguration;
			buildSettings = {
				ALWAYS_SEARCH_USER_PATHS = NO;
				CLANG_ANALYZER_NONNULL = YES;
				CLANG_ANALYZER_NUMBER_OBJECT_CONVERSION = YES_AGGRESSIVE;
				CLANG_CXX_LANGUAGE_STANDARD = "gnu++14";
				CLANG_CXX_LIBRARY = "libc++";
				CLANG_ENABLE_MODULES = YES;
				CLANG_ENABLE_OBJC_ARC = YES;
				CLANG_ENABLE_OBJC_WEAK = YES;
				CLANG_WARN_BLOCK_CAPTURE_AUTORELEASING = YES;
				CLANG_WARN_BOOL_CONVERSION = YES;
				CLANG_WARN_COMMA = YES;
				CLANG_WARN_CONSTANT_CONVERSION = YES;
				CLANG_WARN_DEPRECATED_OBJC_IMPLEMENTATIONS = YES;
				CLANG_WARN_DIRECT_OBJC_ISA_USAGE = YES_ERROR;
				CLANG_WARN_DOCUMENTATION_COMMENTS = YES;
				CLANG_WARN_EMPTY_BODY = YES;
				CLANG_WARN_ENUM_CONVERSION = YES;
				CLANG_WARN_INFINITE_RECURSION = YES;
				CLANG_WARN_INT_CONVERSION = YES;
				CLANG_WARN_NON_LITERAL_NULL_CONVERSION = YES;
				CLANG_WARN_OBJC_IMPLICIT_RETAIN_SELF = YES;
				CLANG_WARN_OBJC_LITERAL_CONVERSION = YES;
				CLANG_WARN_OBJC_ROOT_CLASS = YES_ERROR;
				CLANG_WARN_RANGE_LOOP_ANALYSIS = YES;
				CLANG_WARN_STRICT_PROTOTYPES = YES;
				CLANG_WARN_SUSPICIOUS_MOVE = YES;
				CLANG_WARN_UNGUARDED_AVAILABILITY = YES_AGGRESSIVE;
				CLANG_WARN_UNREACHABLE_CODE = YES;
				CLANG_WARN__DUPLICATE_METHOD_MATCH = YES;
				CODE_SIGN_IDENTITY = "iPhone Developer";
				COPY_PHASE_STRIP = NO;
				DEBUG_INFORMATION_FORMAT = dwarf;
				ENABLE_STRICT_OBJC_MSGSEND = YES;
				ENABLE_TESTABILITY = YES;
				GCC_C_LANGUAGE_STANDARD = gnu11;
				GCC_DYNAMIC_NO_PIC = NO;
				GCC_NO_COMMON_BLOCKS = YES;
				GCC_OPTIMIZATION_LEVEL = 0;
				GCC_PREPROCESSOR_DEFINITIONS = (
					"DEBUG=1",
					"$(inherited)",
				);
				GCC_WARN_64_TO_32_BIT_CONVERSION = YES;
				GCC_WARN_ABOUT_RETURN_TYPE = YES_ERROR;
				GCC_WARN_UNDECLARED_SELECTOR = YES;
				GCC_WARN_UNINITIALIZED_AUTOS = YES_AGGRESSIVE;
				GCC_WARN_UNUSED_FUNCTION = YES;
				GCC_WARN_UNUSED_VARIABLE = YES;
				IPHONEOS_DEPLOYMENT_TARGET = 12.1;
				MTL_ENABLE_DEBUG_INFO = INCLUDE_SOURCE;
				MTL_FAST_MATH = YES;
				ONLY_ACTIVE_ARCH = YES;
				SDKROOT = iphoneos;
				SWIFT_ACTIVE_COMPILATION_CONDITIONS = DEBUG;
				SWIFT_OPTIMIZATION_LEVEL = "-Onone";
			};
			name = Debug;
		};
		8F744F762247B7D000252E99 /* Release */ = {
			isa = XCBuildConfiguration;
			buildSettings = {
				ALWAYS_SEARCH_USER_PATHS = NO;
				CLANG_ANALYZER_NONNULL = YES;
				CLANG_ANALYZER_NUMBER_OBJECT_CONVERSION = YES_AGGRESSIVE;
				CLANG_CXX_LANGUAGE_STANDARD = "gnu++14";
				CLANG_CXX_LIBRARY = "libc++";
				CLANG_ENABLE_MODULES = YES;
				CLANG_ENABLE_OBJC_ARC = YES;
				CLANG_ENABLE_OBJC_WEAK = YES;
				CLANG_WARN_BLOCK_CAPTURE_AUTORELEASING = YES;
				CLANG_WARN_BOOL_CONVERSION = YES;
				CLANG_WARN_COMMA = YES;
				CLANG_WARN_CONSTANT_CONVERSION = YES;
				CLANG_WARN_DEPRECATED_OBJC_IMPLEMENTATIONS = YES;
				CLANG_WARN_DIRECT_OBJC_ISA_USAGE = YES_ERROR;
				CLANG_WARN_DOCUMENTATION_COMMENTS = YES;
				CLANG_WARN_EMPTY_BODY = YES;
				CLANG_WARN_ENUM_CONVERSION = YES;
				CLANG_WARN_INFINITE_RECURSION = YES;
				CLANG_WARN_INT_CONVERSION = YES;
				CLANG_WARN_NON_LITERAL_NULL_CONVERSION = YES;
				CLANG_WARN_OBJC_IMPLICIT_RETAIN_SELF = YES;
				CLANG_WARN_OBJC_LITERAL_CONVERSION = YES;
				CLANG_WARN_OBJC_ROOT_CLASS = YES_ERROR;
				CLANG_WARN_RANGE_LOOP_ANALYSIS = YES;
				CLANG_WARN_STRICT_PROTOTYPES = YES;
				CLANG_WARN_SUSPICIOUS_MOVE = YES;
				CLANG_WARN_UNGUARDED_AVAILABILITY = YES_AGGRESSIVE;
				CLANG_WARN_UNREACHABLE_CODE = YES;
				CLANG_WARN__DUPLICATE_METHOD_MATCH = YES;
				CODE_SIGN_IDENTITY = "iPhone Developer";
				COPY_PHASE_STRIP = NO;
				DEBUG_INFORMATION_FORMAT = "dwarf-with-dsym";
				ENABLE_NS_ASSERTIONS = NO;
				ENABLE_STRICT_OBJC_MSGSEND = YES;
				GCC_C_LANGUAGE_STANDARD = gnu11;
				GCC_NO_COMMON_BLOCKS = YES;
				GCC_WARN_64_TO_32_BIT_CONVERSION = YES;
				GCC_WARN_ABOUT_RETURN_TYPE = YES_ERROR;
				GCC_WARN_UNDECLARED_SELECTOR = YES;
				GCC_WARN_UNINITIALIZED_AUTOS = YES_AGGRESSIVE;
				GCC_WARN_UNUSED_FUNCTION = YES;
				GCC_WARN_UNUSED_VARIABLE = YES;
				IPHONEOS_DEPLOYMENT_TARGET = 12.1;
				MTL_ENABLE_DEBUG_INFO = NO;
				MTL_FAST_MATH = YES;
				SDKROOT = iphoneos;
				SWIFT_COMPILATION_MODE = wholemodule;
				SWIFT_OPTIMIZATION_LEVEL = "-O";
				VALIDATE_PRODUCT = YES;
			};
			name = Release;
		};
		8F744F782247B7D000252E99 /* Debug */ = {
			isa = XCBuildConfiguration;
			baseConfigurationReference = 8FE44CF1C8E33F188B234D98 /* Pods-MobileOCRDemo.debug.xcconfig */;
			buildSettings = {
				ASSETCATALOG_COMPILER_APPICON_NAME = AppIcon;
				CODE_SIGN_STYLE = Automatic;
				DEVELOPMENT_TEAM = 4WRSWKXL27;
				INFOPLIST_FILE = MobileOCRDemo/Info.plist;
				LD_RUNPATH_SEARCH_PATHS = (
					"$(inherited)",
					"@executable_path/Frameworks",
				);
				PRODUCT_BUNDLE_IDENTIFIER = com.gomertech.MobileOCRDemo;
				PRODUCT_NAME = "$(TARGET_NAME)";
				SWIFT_VERSION = 4.2;
				TARGETED_DEVICE_FAMILY = "1,2";
			};
			name = Debug;
		};
		8F744F792247B7D000252E99 /* Release */ = {
			isa = XCBuildConfiguration;
			baseConfigurationReference = E3BA0C6878700E0A5FC073BA /* Pods-MobileOCRDemo.release.xcconfig */;
			buildSettings = {
				ASSETCATALOG_COMPILER_APPICON_NAME = AppIcon;
				CODE_SIGN_STYLE = Automatic;
				DEVELOPMENT_TEAM = 4WRSWKXL27;
				INFOPLIST_FILE = MobileOCRDemo/Info.plist;
				LD_RUNPATH_SEARCH_PATHS = (
					"$(inherited)",
					"@executable_path/Frameworks",
				);
				PRODUCT_BUNDLE_IDENTIFIER = com.gomertech.MobileOCRDemo;
				PRODUCT_NAME = "$(TARGET_NAME)";
				SWIFT_VERSION = 4.2;
				TARGETED_DEVICE_FAMILY = "1,2";
			};
			name = Release;
		};
/* End XCBuildConfiguration section */

/* Begin XCConfigurationList section */
		8F744F602247B7CE00252E99 /* Build configuration list for PBXProject "MobileOCRDemo" */ = {
			isa = XCConfigurationList;
			buildConfigurations = (
				8F744F752247B7D000252E99 /* Debug */,
				8F744F762247B7D000252E99 /* Release */,
			);
			defaultConfigurationIsVisible = 0;
			defaultConfigurationName = Release;
		};
		8F744F772247B7D000252E99 /* Build configuration list for PBXNativeTarget "MobileOCRDemo" */ = {
			isa = XCConfigurationList;
			buildConfigurations = (
				8F744F782247B7D000252E99 /* Debug */,
				8F744F792247B7D000252E99 /* Release */,
			);
			defaultConfigurationIsVisible = 0;
			defaultConfigurationName = Release;
		};
/* End XCConfigurationList section */
	};
	rootObject = 8F744F5D2247B7CE00252E99 /* Project object */;
}
